
Microsoft Visual Studio Solution File, Format Version 12.00
# Visual Studio Version 17
VisualStudioVersion = 17.0.31903.59
MinimumVisualStudioVersion = 10.0.40219.1
Project("{2150E333-8FDC-42A3-9474-1A3956D46DE8}") = "src", "src", "{D10ADE68-00D8-46A5-8B9E-015946C4B625}"
EndProject
Project("{FAE04EC0-301F-11D3-BF4B-00C04F79EFBC}") = "BoundlessEnterprises", "src\BoundlessEnterprises\BoundlessEnterprises.csproj", "{D264E2A9-7D1F-4F9C-8448-6D76685D1046}"
EndProject
Project("{2150E333-8FDC-42A3-9474-1A3956D46DE8}") = "tests", "tests", "{1875AED6-13EB-4078-8A0E-612742D125A7}"
EndProject
Project("{FAE04EC0-301F-11D3-BF4B-00C04F79EFBC}") = "BoundlessEnterprises.Tests", "tests\BoundlessEnterprises.Tests\BoundlessEnterprises.Tests.csproj", "{32EF2894-8AB5-4734-B3AA-3509B6ED7FE8}"
EndProject
Global
	GlobalSection(SolutionConfigurationPlatforms) = preSolution
		Debug|Any CPU = Debug|Any CPU
		Release|Any CPU = Release|Any CPU
	EndGlobalSection
	GlobalSection(SolutionProperties) = preSolution
		HideSolutionNode = FALSE
	EndGlobalSection
	GlobalSection(ProjectConfigurationPlatforms) = postSolution
		{D264E2A9-7D1F-4F9C-8448-6D76685D1046}.Debug|Any CPU.ActiveCfg = Debug|Any CPU
		{D264E2A9-7D1F-4F9C-8448-6D76685D1046}.Debug|Any CPU.Build.0 = Debug|Any CPU
		{D264E2A9-7D1F-4F9C-8448-6D76685D1046}.Release|Any CPU.ActiveCfg = Release|Any CPU
		{D264E2A9-7D1F-4F9C-8448-6D76685D1046}.Release|Any CPU.Build.0 = Release|Any CPU
		{32EF2894-8AB5-4734-B3AA-3509B6ED7FE8}.Debug|Any CPU.ActiveCfg = Debug|Any CPU
		{32EF2894-8AB5-4734-B3AA-3509B6ED7FE8}.Debug|Any CPU.Build.0 = Debug|Any CPU
		{32EF2894-8AB5-4734-B3AA-3509B6ED7FE8}.Release|Any CPU.ActiveCfg = Release|Any CPU
		{32EF2894-8AB5-4734-B3AA-3509B6ED7FE8}.Release|Any CPU.Build.0 = Release|Any CPU
	EndGlobalSection
	GlobalSection(NestedProjects) = preSolution
		{D264E2A9-7D1F-4F9C-8448-6D76685D1046} = {D10ADE68-00D8-46A5-8B9E-015946C4B625}
		{32EF2894-8AB5-4734-B3AA-3509B6ED7FE8} = {1875AED6-13EB-4078-8A0E-612742D125A7}
	EndGlobalSection
EndGlobal
